
Microsoft Visual Studio Solution File, Format Version 12.00
# Visual Studio Version 17
VisualStudioVersion = 17.10.34916.146
MinimumVisualStudioVersion = 10.0.40219.1
Project("{9A19103F-16F7-4668-BE54-9A1E7A4F7556}") = "WMS_FOR_ADIB_PROJECT", "WMS_FOR_ADIB_PROJECT\WMS_FOR_ADIB_PROJECT.csproj", "{201E544A-7954-4461-B6DB-FBF2D240D756}"
EndProject
Project("{9A19103F-16F7-4668-BE54-9A1E7A4F7556}") = "WMS_FOR_ADIB.Models", "WMS_FOR_ADIB.Models\WMS_FOR_ADIB.Models.csproj", "{1849ECC8-20BD-4B9F-87A5-E9F5F3711975}"
EndProject
Project("{9A19103F-16F7-4668-BE54-9A1E7A4F7556}") = "WMS_FOR_ADIB.Utility", "WMS_FOR_ADIB.Utility\WMS_FOR_ADIB.Utility.csproj", "{928425DE-71F3-4C42-B097-CB50F538ADFC}"
EndProject
Project("{9A19103F-16F7-4668-BE54-9A1E7A4F7556}") = "WMS_FOR_ADIB.DataAccess", "WMS_FOR_ADIB.DataAccess\WMS_FOR_ADIB.DataAccess.csproj", "{7E4BAAC4-628E-417C-9B5E-45FC5FD4A2D8}"
EndProject
Global
	GlobalSection(SolutionConfigurationPlatforms) = preSolution
		Debug|Any CPU = Debug|Any CPU
		Release|Any CPU = Release|Any CPU
	EndGlobalSection
	GlobalSection(ProjectConfigurationPlatforms) = postSolution
		{201E544A-7954-4461-B6DB-FBF2D240D756}.Debug|Any CPU.ActiveCfg = Debug|Any CPU
		{201E544A-7954-4461-B6DB-FBF2D240D756}.Debug|Any CPU.Build.0 = Debug|Any CPU
		{201E544A-7954-4461-B6DB-FBF2D240D756}.Release|Any CPU.ActiveCfg = Release|Any CPU
		{201E544A-7954-4461-B6DB-FBF2D240D756}.Release|Any CPU.Build.0 = Release|Any CPU
		{1849ECC8-20BD-4B9F-87A5-E9F5F3711975}.Debug|Any CPU.ActiveCfg = Debug|Any CPU
		{1849ECC8-20BD-4B9F-87A5-E9F5F3711975}.Debug|Any CPU.Build.0 = Debug|Any CPU
		{1849ECC8-20BD-4B9F-87A5-E9F5F3711975}.Release|Any CPU.ActiveCfg = Release|Any CPU
		{1849ECC8-20BD-4B9F-87A5-E9F5F3711975}.Release|Any CPU.Build.0 = Release|Any CPU
		{928425DE-71F3-4C42-B097-CB50F538ADFC}.Debug|Any CPU.ActiveCfg = Debug|Any CPU
		{928425DE-71F3-4C42-B097-CB50F538ADFC}.Debug|Any CPU.Build.0 = Debug|Any CPU
		{928425DE-71F3-4C42-B097-CB50F538ADFC}.Release|Any CPU.ActiveCfg = Release|Any CPU
		{928425DE-71F3-4C42-B097-CB50F538ADFC}.Release|Any CPU.Build.0 = Release|Any CPU
		{7E4BAAC4-628E-417C-9B5E-45FC5FD4A2D8}.Debug|Any CPU.ActiveCfg = Debug|Any CPU
		{7E4BAAC4-628E-417C-9B5E-45FC5FD4A2D8}.Debug|Any CPU.Build.0 = Debug|Any CPU
		{7E4BAAC4-628E-417C-9B5E-45FC5FD4A2D8}.Release|Any CPU.ActiveCfg = Release|Any CPU
		{7E4BAAC4-628E-417C-9B5E-45FC5FD4A2D8}.Release|Any CPU.Build.0 = Release|Any CPU
	EndGlobalSection
	GlobalSection(SolutionProperties) = preSolution
		HideSolutionNode = FALSE
	EndGlobalSection
	GlobalSection(ExtensibilityGlobals) = postSolution
		SolutionGuid = {BFF7210C-F1F2-4195-9F74-F20294A9D68C}
	EndGlobalSection
EndGlobal
